
Microsoft Visual Studio Solution File, Format Version 12.00
# Visual Studio Version 17
VisualStudioVersion = 17.6.33829.357
MinimumVisualStudioVersion = 10.0.40219.1
Project("{FAE04EC0-301F-11D3-BF4B-00C04F79EFBC}") = "App", "App\App.csproj", "{59C0C029-0263-42C3-B39E-0CCB575CCC9F}"
EndProject
Global
	GlobalSection(SolutionConfigurationPlatforms) = preSolution
		Debug|Any CPU = Debug|Any CPU
		Release|Any CPU = Release|Any CPU
	EndGlobalSection
	GlobalSection(ProjectConfigurationPlatforms) = postSolution
		{59C0C029-0263-42C3-B39E-0CCB575CCC9F}.Debug|Any CPU.ActiveCfg = Debug|Any CPU
		{59C0C029-0263-42C3-B39E-0CCB575CCC9F}.Debug|Any CPU.Build.0 = Debug|Any CPU
		{59C0C029-0263-42C3-B39E-0CCB575CCC9F}.Release|Any CPU.ActiveCfg = Release|Any CPU
		{59C0C029-0263-42C3-B39E-0CCB575CCC9F}.Release|Any CPU.Build.0 = Release|Any CPU
	EndGlobalSection
	GlobalSection(SolutionProperties) = preSolution
		HideSolutionNode = FALSE
	EndGlobalSection
	GlobalSection(ExtensibilityGlobals) = postSolution
		SolutionGuid = {432D40D2-E3B8-4A29-AC4E-4218B007CA36}
	EndGlobalSection
EndGlobal
